PODS:
  - Flutter (1.0.0)
  - Passage (1.2.0):
    - SwiftKeychainWrapper
  - passage_flutter (0.2.0):
    - Flutter
    - Passage (= 1.2.0)
  - SwiftKeychainWrapper (4.0.1)

DEPENDENCIES:
  - Flutter (from `Flutter`)
  - passage_flutter (from `.symlinks/plugins/passage_flutter/ios`)

SPEC REPOS:
  trunk:
    - Passage
    - SwiftKeychainWrapper

EXTERNAL SOURCES:
  Flutter:
    :path: Flutter
  passage_flutter:
    :path: ".symlinks/plugins/passage_flutter/ios"

SPEC CHECKSUMS:
  Flutter: f04841e97a9d0b0a8025694d0796dd46242b2854
  Passage: 623d579acf6cf9949f6c16c777b7efe6f6902d93
  passage_flutter: edbea0b9f5b6b1aec502d2e27c30c1e81116be20
  SwiftKeychainWrapper: 807ba1d63c33a7d0613288512399cd1eda1e470c

PODFILE CHECKSUM: 4c438addb11b6da45ed7ae408823d68256222460

COCOAPODS: 1.12.1
